<<<<<<< HEAD
Microsoft Visual Studio Solution File, Format Version 11.00
# Visual Studio 2008

Project("{A2B560B9-F769-9F74-1145-FBD310C2DE18}") = "Aperture", "Assembly-CSharp.csproj", "{108C9BDC-AA42-61B9-97AB-65F0330A0C15}"
=======
﻿
Microsoft Visual Studio Solution File, Format Version 12.00
# Visual Studio 2015
Project("{FAE04EC0-301F-11D3-BF4B-00C04F79EFBC}") = "Aperture.CSharp", "Aperture.CSharp.csproj", "{87D07E51-86E0-5C91-BB1F-9E4C56C969EC}"
>>>>>>> origin/master
EndProject
Global
	GlobalSection(SolutionConfigurationPlatforms) = preSolution
		Debug|Any CPU = Debug|Any CPU
		Release|Any CPU = Release|Any CPU
	EndGlobalSection
	GlobalSection(ProjectConfigurationPlatforms) = postSolution
		{108C9BDC-AA42-61B9-97AB-65F0330A0C15}.Debug|Any CPU.ActiveCfg = Debug|Any CPU
		{108C9BDC-AA42-61B9-97AB-65F0330A0C15}.Debug|Any CPU.Build.0 = Debug|Any CPU
		{108C9BDC-AA42-61B9-97AB-65F0330A0C15}.Release|Any CPU.ActiveCfg = Release|Any CPU
		{108C9BDC-AA42-61B9-97AB-65F0330A0C15}.Release|Any CPU.Build.0 = Release|Any CPU
	EndGlobalSection
	GlobalSection(SolutionProperties) = preSolution
		HideSolutionNode = FALSE
	EndGlobalSection
	GlobalSection(MonoDevelopProperties) = preSolution
		StartupItem = Assembly-CSharp.csproj
	EndGlobalSection
EndGlobal
